// !$*UTF8*$!
{
	archiveVersion = 1;
	classes = {
	};
	objectVersion = 46;
	objects = {

/* Begin PBXBuildFile section */
		6401199F1C722E8800AF159F /* MovieFactory.swift in Sources */ = {isa = PBXBuildFile; fileRef = 6401199E1C722E8800AF159F /* MovieFactory.swift */; };
		640B09FB1C66572000B0421A /* BookmarksViewController.swift in Sources */ = {isa = PBXBuildFile; fileRef = 640B09F91C66571F00B0421A /* BookmarksViewController.swift */; };
		640B09FC1C66572000B0421A /* BookmarksViewController.xib in Resources */ = {isa = PBXBuildFile; fileRef = 640B09FA1C66572000B0421A /* BookmarksViewController.xib */; };
		641D932E1C68AB8C00FB727B /* SearchViewCell.swift in Sources */ = {isa = PBXBuildFile; fileRef = 641D932C1C68AB8C00FB727B /* SearchViewCell.swift */; };
		641D932F1C68AB8C00FB727B /* SearchViewCell.xib in Resources */ = {isa = PBXBuildFile; fileRef = 641D932D1C68AB8C00FB727B /* SearchViewCell.xib */; };
		641D93561C68DDDB00FB727B /* DatabaseManager.swift in Sources */ = {isa = PBXBuildFile; fileRef = 641D93551C68DDDB00FB727B /* DatabaseManager.swift */; };
		644414DB1C6CBC10006E8D36 /* BookmarkMovie.swift in Sources */ = {isa = PBXBuildFile; fileRef = 644414DA1C6CBC0F006E8D36 /* BookmarkMovie.swift */; };
		648ECB311C7F2161005FC680 /* MessageUI.framework in Frameworks */ = {isa = PBXBuildFile; fileRef = 648ECB301C7F2161005FC680 /* MessageUI.framework */; };
		64E08F5E1C69F7DB008ED2DA /* FoundMovie.swift in Sources */ = {isa = PBXBuildFile; fileRef = 64E08F5D1C69F7DB008ED2DA /* FoundMovie.swift */; };
		64E1A2E51C64E81B003B47D9 /* AppDelegate.swift in Sources */ = {isa = PBXBuildFile; fileRef = 64E1A2E41C64E81B003B47D9 /* AppDelegate.swift */; };
		64E1A2E71C64E81B003B47D9 /* SearchMovieViewController.swift in Sources */ = {isa = PBXBuildFile; fileRef = 64E1A2E61C64E81B003B47D9 /* SearchMovieViewController.swift */; };
		64E1A2EA1C64E81B003B47D9 /* Main.storyboard in Resources */ = {isa = PBXBuildFile; fileRef = 64E1A2E81C64E81B003B47D9 /* Main.storyboard */; };
		64E1A2EC1C64E81B003B47D9 /* Assets.xcassets in Resources */ = {isa = PBXBuildFile; fileRef = 64E1A2EB1C64E81B003B47D9 /* Assets.xcassets */; };
		64E1A2EF1C64E81B003B47D9 /* LaunchScreen.storyboard in Resources */ = {isa = PBXBuildFile; fileRef = 64E1A2ED1C64E81B003B47D9 /* LaunchScreen.storyboard */; };
		64E1A2FC1C64F54A003B47D9 /* SearchMovieViewController.xib in Resources */ = {isa = PBXBuildFile; fileRef = 64E1A2FB1C64F54A003B47D9 /* SearchMovieViewController.xib */; };
		64E304F21C83059C0018D434 /* NotFoundViewCell.swift in Sources */ = {isa = PBXBuildFile; fileRef = 64E304F01C83059C0018D434 /* NotFoundViewCell.swift */; };
		64E304F31C83059C0018D434 /* NotFoundViewCell.xib in Resources */ = {isa = PBXBuildFile; fileRef = 64E304F11C83059C0018D434 /* NotFoundViewCell.xib */; };
		64E4D0611C752DDA000220F4 /* CustomActivityIndicatorView.swift in Sources */ = {isa = PBXBuildFile; fileRef = 64E4D0601C752DDA000220F4 /* CustomActivityIndicatorView.swift */; };
		64E64EF31C79FA4F00920151 /* movieclient.sqlite in Resources */ = {isa = PBXBuildFile; fileRef = 64E64EF21C79FA4F00920151 /* movieclient.sqlite */; };
		64ED07701C7CF02E00F50A6B /* DetailMovieViewController.swift in Sources */ = {isa = PBXBuildFile; fileRef = 64ED076E1C7CF02E00F50A6B /* DetailMovieViewController.swift */; };
		64ED07711C7CF02E00F50A6B /* DetailMovieViewController.xib in Resources */ = {isa = PBXBuildFile; fileRef = 64ED076F1C7CF02E00F50A6B /* DetailMovieViewController.xib */; };
		64ED07741C7CF69400F50A6B /* DetailMovieCell.swift in Sources */ = {isa = PBXBuildFile; fileRef = 64ED07721C7CF69400F50A6B /* DetailMovieCell.swift */; };
		64ED07751C7CF69400F50A6B /* DetailMovieCell.xib in Resources */ = {isa = PBXBuildFile; fileRef = 64ED07731C7CF69400F50A6B /* DetailMovieCell.xib */; };
		64F6F03D1C7F0CC000967E7D /* Social.framework in Frameworks */ = {isa = PBXBuildFile; fileRef = 64F6F03C1C7F0CC000967E7D /* Social.framework */; };
		96F4E47BC2CB142C02D721DB /* Pods.framework in Frameworks */ = {isa = PBXBuildFile; fileRef = ADBC5FB14701FDA946CAAE76 /* Pods.framework */; settings = {ATTRIBUTES = (Weak, ); }; };
/* End PBXBuildFile section */

/* Begin PBXFileReference section */
		41B9621E849D93863BC4C4CB /* Pods.release.xcconfig */ = {isa = PBXFileReference; includeInIndex = 1; lastKnownFileType = text.xcconfig; name = Pods.release.xcconfig; path = "Pods/Target Support Files/Pods/Pods.release.xcconfig"; sourceTree = "<group>"; };
		6401199E1C722E8800AF159F /* MovieFactory.swift */ = {isa = PBXFileReference; fileEncoding = 4; lastKnownFileType = sourcecode.swift; path = MovieFactory.swift; sourceTree = "<group>"; };
		640B09F91C66571F00B0421A /* BookmarksViewController.swift */ = {isa = PBXFileReference; fileEncoding = 4; lastKnownFileType = sourcecode.swift; path = BookmarksViewController.swift; sourceTree = "<group>"; };
		640B09FA1C66572000B0421A /* BookmarksViewController.xib */ = {isa = PBXFileReference; fileEncoding = 4; lastKnownFileType = file.xib; path = BookmarksViewController.xib; sourceTree = "<group>"; };
		641D932C1C68AB8C00FB727B /* SearchViewCell.swift */ = {isa = PBXFileReference; fileEncoding = 4; lastKnownFileType = sourcecode.swift; path = SearchViewCell.swift; sourceTree = "<group>"; };
		641D932D1C68AB8C00FB727B /* SearchViewCell.xib */ = {isa = PBXFileReference; fileEncoding = 4; lastKnownFileType = file.xib; path = SearchViewCell.xib; sourceTree = "<group>"; };
		641D93551C68DDDB00FB727B /* DatabaseManager.swift */ = {isa = PBXFileReference; fileEncoding = 4; lastKnownFileType = sourcecode.swift; path = DatabaseManager.swift; sourceTree = "<group>"; };
		644414DA1C6CBC0F006E8D36 /* BookmarkMovie.swift */ = {isa = PBXFileReference; fileEncoding = 4; lastKnownFileType = sourcecode.swift; path = BookmarkMovie.swift; sourceTree = "<group>"; };
		648ECB301C7F2161005FC680 /* MessageUI.framework */ = {isa = PBXFileReference; lastKnownFileType = wrapper.framework; name = MessageUI.framework; path = System/Library/Frameworks/MessageUI.framework; sourceTree = SDKROOT; };
		64B327C21C73501900DCE5E7 /* MoviesClient-Bridging-Header.h */ = {isa = PBXFileReference; lastKnownFileType = sourcecode.c.h; path = "MoviesClient-Bridging-Header.h"; sourceTree = "<group>"; };
		64E08F5D1C69F7DB008ED2DA /* FoundMovie.swift */ = {isa = PBXFileReference; fileEncoding = 4; lastKnownFileType = sourcecode.swift; path = FoundMovie.swift; sourceTree = "<group>"; };
		64E1A2E11C64E81B003B47D9 /* MoviesClient.app */ = {isa = PBXFileReference; explicitFileType = wrapper.application; includeInIndex = 0; path = MoviesClient.app; sourceTree = BUILT_PRODUCTS_DIR; };
		64E1A2E41C64E81B003B47D9 /* AppDelegate.swift */ = {isa = PBXFileReference; lastKnownFileType = sourcecode.swift; path = AppDelegate.swift; sourceTree = "<group>"; };
		64E1A2E61C64E81B003B47D9 /* SearchMovieViewController.swift */ = {isa = PBXFileReference; lastKnownFileType = sourcecode.swift; path = SearchMovieViewController.swift; sourceTree = "<group>"; };
		64E1A2E91C64E81B003B47D9 /* Base */ = {isa = PBXFileReference; lastKnownFileType = file.storyboard; name = Base; path = Base.lproj/Main.storyboard; sourceTree = "<group>"; };
		64E1A2EB1C64E81B003B47D9 /* Assets.xcassets */ = {isa = PBXFileReference; lastKnownFileType = folder.assetcatalog; path = Assets.xcassets; sourceTree = "<group>"; };
		64E1A2EE1C64E81B003B47D9 /* Base */ = {isa = PBXFileReference; lastKnownFileType = file.storyboard; name = Base; path = Base.lproj/LaunchScreen.storyboard; sourceTree = "<group>"; };
		64E1A2F01C64E81B003B47D9 /* Info.plist */ = {isa = PBXFileReference; lastKnownFileType = text.plist.xml; path = Info.plist; sourceTree = "<group>"; };
		64E1A2FB1C64F54A003B47D9 /* SearchMovieViewController.xib */ = {isa = PBXFileReference; fileEncoding = 4; lastKnownFileType = file.xib; path = SearchMovieViewController.xib; sourceTree = "<group>"; };
		64E304F01C83059C0018D434 /* NotFoundViewCell.swift */ = {isa = PBXFileReference; fileEncoding = 4; lastKnownFileType = sourcecode.swift; path = NotFoundViewCell.swift; sourceTree = "<group>"; };
		64E304F11C83059C0018D434 /* NotFoundViewCell.xib */ = {isa = PBXFileReference; fileEncoding = 4; lastKnownFileType = file.xib; path = NotFoundViewCell.xib; sourceTree = "<group>"; };
		64E4D0601C752DDA000220F4 /* CustomActivityIndicatorView.swift */ = {isa = PBXFileReference; fileEncoding = 4; lastKnownFileType = sourcecode.swift; path = CustomActivityIndicatorView.swift; sourceTree = "<group>"; };
		64E64EF21C79FA4F00920151 /* movieclient.sqlite */ = {isa = PBXFileReference; lastKnownFileType = file; path = movieclient.sqlite; sourceTree = "<group>"; };
		64ED076E1C7CF02E00F50A6B /* DetailMovieViewController.swift */ = {isa = PBXFileReference; fileEncoding = 4; lastKnownFileType = sourcecode.swift; path = DetailMovieViewController.swift; sourceTree = "<group>"; };
		64ED076F1C7CF02E00F50A6B /* DetailMovieViewController.xib */ = {isa = PBXFileReference; fileEncoding = 4; lastKnownFileType = file.xib; path = DetailMovieViewController.xib; sourceTree = "<group>"; };
		64ED07721C7CF69400F50A6B /* DetailMovieCell.swift */ = {isa = PBXFileReference; fileEncoding = 4; lastKnownFileType = sourcecode.swift; path = DetailMovieCell.swift; sourceTree = "<group>"; };
		64ED07731C7CF69400F50A6B /* DetailMovieCell.xib */ = {isa = PBXFileReference; fileEncoding = 4; lastKnownFileType = file.xib; path = DetailMovieCell.xib; sourceTree = "<group>"; };
		64F6F03C1C7F0CC000967E7D /* Social.framework */ = {isa = PBXFileReference; lastKnownFileType = wrapper.framework; name = Social.framework; path = System/Library/Frameworks/Social.framework; sourceTree = SDKROOT; };
		ADBC5FB14701FDA946CAAE76 /* Pods.framework */ = {isa = PBXFileReference; explicitFileType = wrapper.framework; includeInIndex = 0; path = Pods.framework; sourceTree = BUILT_PRODUCTS_DIR; };
		C1323F2CCAC4E5C8BA2C70DB /* Pods.debug.xcconfig */ = {isa = PBXFileReference; includeInIndex = 1; lastKnownFileType = text.xcconfig; name = Pods.debug.xcconfig; path = "Pods/Target Support Files/Pods/Pods.debug.xcconfig"; sourceTree = "<group>"; };
/* End PBXFileReference section */

/* Begin PBXFrameworksBuildPhase section */
		64E1A2DE1C64E81B003B47D9 /* Frameworks */ = {
			isa = PBXFrameworksBuildPhase;
			buildActionMask = 2147483647;
			files = (
				648ECB311C7F2161005FC680 /* MessageUI.framework in Frameworks */,
				64F6F03D1C7F0CC000967E7D /* Social.framework in Frameworks */,
				96F4E47BC2CB142C02D721DB /* Pods.framework in Frameworks */,
			);
			runOnlyForDeploymentPostprocessing = 0;
		};
/* End PBXFrameworksBuildPhase section */

/* Begin PBXGroup section */
		25A44C10B86608FDC317811F /* Frameworks */ = {
			isa = PBXGroup;
			children = (
				648ECB301C7F2161005FC680 /* MessageUI.framework */,
				64F6F03C1C7F0CC000967E7D /* Social.framework */,
				ADBC5FB14701FDA946CAAE76 /* Pods.framework */,
			);
			name = Frameworks;
			sourceTree = "<group>";
		};
		448DD0C40565BC0BE85E9678 /* Pods */ = {
			isa = PBXGroup;
			children = (
				C1323F2CCAC4E5C8BA2C70DB /* Pods.debug.xcconfig */,
				41B9621E849D93863BC4C4CB /* Pods.release.xcconfig */,
			);
			name = Pods;
			sourceTree = "<group>";
		};
		64E08F5A1C69DB52008ED2DA /* DB */ = {
			isa = PBXGroup;
			children = (
				641D93551C68DDDB00FB727B /* DatabaseManager.swift */,
			);
			name = DB;
			sourceTree = "<group>";
		};
		64E08F5B1C69DB65008ED2DA /* Networking */ = {
			isa = PBXGroup;
			children = (
				6401199E1C722E8800AF159F /* MovieFactory.swift */,
			);
			name = Networking;
			sourceTree = "<group>";
		};
		64E1A2D81C64E81B003B47D9 = {
			isa = PBXGroup;
			children = (
				64E1A2E31C64E81B003B47D9 /* MoviesClient */,
				64E1A2E21C64E81B003B47D9 /* Products */,
				448DD0C40565BC0BE85E9678 /* Pods */,
				25A44C10B86608FDC317811F /* Frameworks */,
			);
			sourceTree = "<group>";
		};
		64E1A2E21C64E81B003B47D9 /* Products */ = {
			isa = PBXGroup;
			children = (
				64E1A2E11C64E81B003B47D9 /* MoviesClient.app */,
			);
			name = Products;
			sourceTree = "<group>";
		};
		64E1A2E31C64E81B003B47D9 /* MoviesClient */ = {
			isa = PBXGroup;
			children = (
				64E1A2F61C64EC07003B47D9 /* App Delegate */,
				64E433441C6714BC00E7FC68 /* Utility */,
				64E08F5B1C69DB65008ED2DA /* Networking */,
				64E08F5A1C69DB52008ED2DA /* DB */,
				64E433431C6710A300E7FC68 /* Models */,
				64E1A2F71C64EC1D003B47D9 /* VC */,
				64E433421C6699B100E7FC68 /* Cells */,
				64E1A2F91C64EC6D003B47D9 /* UI */,
				64E1A2FA1C64EC9F003B47D9 /* Resources */,
				64E1A2F01C64E81B003B47D9 /* Info.plist */,
			);
			path = MoviesClient;
			sourceTree = "<group>";
		};
		64E1A2F61C64EC07003B47D9 /* App Delegate */ = {
			isa = PBXGroup;
			children = (
				64E1A2E41C64E81B003B47D9 /* AppDelegate.swift */,
			);
			name = "App Delegate";
			sourceTree = "<group>";
		};
		64E1A2F71C64EC1D003B47D9 /* VC */ = {
			isa = PBXGroup;
			children = (
				64E1A2E61C64E81B003B47D9 /* SearchMovieViewController.swift */,
				64E1A2FB1C64F54A003B47D9 /* SearchMovieViewController.xib */,
				640B09F91C66571F00B0421A /* BookmarksViewController.swift */,
				640B09FA1C66572000B0421A /* BookmarksViewController.xib */,
				64ED076E1C7CF02E00F50A6B /* DetailMovieViewController.swift */,
				64ED076F1C7CF02E00F50A6B /* DetailMovieViewController.xib */,
			);
			name = VC;
			sourceTree = "<group>";
		};
		64E1A2F91C64EC6D003B47D9 /* UI */ = {
			isa = PBXGroup;
			children = (
				64E1A2E81C64E81B003B47D9 /* Main.storyboard */,
				64E1A2ED1C64E81B003B47D9 /* LaunchScreen.storyboard */,
			);
			name = UI;
			sourceTree = "<group>";
		};
		64E1A2FA1C64EC9F003B47D9 /* Resources */ = {
			isa = PBXGroup;
			children = (
				64E64EF21C79FA4F00920151 /* movieclient.sqlite */,
				64B327C21C73501900DCE5E7 /* MoviesClient-Bridging-Header.h */,
				64E1A2EB1C64E81B003B47D9 /* Assets.xcassets */,
			);
			name = Resources;
			sourceTree = "<group>";
		};
		64E433421C6699B100E7FC68 /* Cells */ = {
			isa = PBXGroup;
			children = (
				641D932C1C68AB8C00FB727B /* SearchViewCell.swift */,
				641D932D1C68AB8C00FB727B /* SearchViewCell.xib */,
				64ED07721C7CF69400F50A6B /* DetailMovieCell.swift */,
				64ED07731C7CF69400F50A6B /* DetailMovieCell.xib */,
				64E304F01C83059C0018D434 /* NotFoundViewCell.swift */,
				64E304F11C83059C0018D434 /* NotFoundViewCell.xib */,
			);
			name = Cells;
			sourceTree = "<group>";
		};
		64E433431C6710A300E7FC68 /* Models */ = {
			isa = PBXGroup;
			children = (
				64E08F5D1C69F7DB008ED2DA /* FoundMovie.swift */,
				644414DA1C6CBC0F006E8D36 /* BookmarkMovie.swift */,
			);
			name = Models;
			sourceTree = "<group>";
		};
		64E433441C6714BC00E7FC68 /* Utility */ = {
			isa = PBXGroup;
			children = (
				64E4D0601C752DDA000220F4 /* CustomActivityIndicatorView.swift */,
			);
			name = Utility;
			sourceTree = "<group>";
		};
/* End PBXGroup section */

/* Begin PBXNativeTarget section */
		64E1A2E01C64E81B003B47D9 /* MoviesClient */ = {
			isa = PBXNativeTarget;
			buildConfigurationList = 64E1A2F31C64E81B003B47D9 /* Build configuration list for PBXNativeTarget "MoviesClient" */;
			buildPhases = (
				AB56CC8B9336C45A386FEF97 /* Check Pods Manifest.lock */,
				64E1A2DD1C64E81B003B47D9 /* Sources */,
				64E1A2DE1C64E81B003B47D9 /* Frameworks */,
				64E1A2DF1C64E81B003B47D9 /* Resources */,
				44C89E6B0E7C1CB63A95CF25 /* Embed Pods Frameworks */,
				45112DA2B37CB35F52AE467D /* Copy Pods Resources */,
			);
			buildRules = (
			);
			dependencies = (
			);
			name = MoviesClient;
			productName = MoviesClient;
			productReference = 64E1A2E11C64E81B003B47D9 /* MoviesClient.app */;
			productType = "com.apple.product-type.application";
		};
/* End PBXNativeTarget section */

/* Begin PBXProject section */
		64E1A2D91C64E81B003B47D9 /* Project object */ = {
			isa = PBXProject;
			attributes = {
				CLASSPREFIX = MC;
				LastSwiftUpdateCheck = 0720;
				LastUpgradeCheck = 0720;
				ORGANIZATIONNAME = "Sergey Salnikov";
				TargetAttributes = {
					64E1A2E01C64E81B003B47D9 = {
						CreatedOnToolsVersion = 7.2;
					};
				};
			};
			buildConfigurationList = 64E1A2DC1C64E81B003B47D9 /* Build configuration list for PBXProject "MoviesClient" */;
			compatibilityVersion = "Xcode 3.2";
			developmentRegion = English;
			hasScannedForEncodings = 0;
			knownRegions = (
				en,
				Base,
			);
			mainGroup = 64E1A2D81C64E81B003B47D9;
			productRefGroup = 64E1A2E21C64E81B003B47D9 /* Products */;
			projectDirPath = "";
			projectRoot = "";
			targets = (
				64E1A2E01C64E81B003B47D9 /* MoviesClient */,
			);
		};
/* End PBXProject section */

/* Begin PBXResourcesBuildPhase section */
		64E1A2DF1C64E81B003B47D9 /* Resources */ = {
			isa = PBXResourcesBuildPhase;
			buildActionMask = 2147483647;
			files = (
				64E1A2EF1C64E81B003B47D9 /* LaunchScreen.storyboard in Resources */,
				64ED07751C7CF69400F50A6B /* DetailMovieCell.xib in Resources */,
				64E64EF31C79FA4F00920151 /* movieclient.sqlite in Resources */,
				64E1A2EC1C64E81B003B47D9 /* Assets.xcassets in Resources */,
				641D932F1C68AB8C00FB727B /* SearchViewCell.xib in Resources */,
				64E304F31C83059C0018D434 /* NotFoundViewCell.xib in Resources */,
				640B09FC1C66572000B0421A /* BookmarksViewController.xib in Resources */,
				64ED07711C7CF02E00F50A6B /* DetailMovieViewController.xib in Resources */,
				64E1A2FC1C64F54A003B47D9 /* SearchMovieViewController.xib in Resources */,
				64E1A2EA1C64E81B003B47D9 /* Main.storyboard in Resources */,
			);
			runOnlyForDeploymentPostprocessing = 0;
		};
/* End PBXResourcesBuildPhase section */

/* Begin PBXShellScriptBuildPhase section */
		44C89E6B0E7C1CB63A95CF25 /* Embed Pods Frameworks */ = {
			isa = PBXShellScriptBuildPhase;
			buildActionMask = 2147483647;
			files = (
			);
			inputPaths = (
			);
			name = "Embed Pods Frameworks";
			outputPaths = (
			);
			runOnlyForDeploymentPostprocessing = 0;
			shellPath = /bin/sh;
			shellScript = "\"${SRCROOT}/Pods/Target Support Files/Pods/Pods-frameworks.sh\"\n";
			showEnvVarsInLog = 0;
		};
		45112DA2B37CB35F52AE467D /* Copy Pods Resources */ = {
			isa = PBXShellScriptBuildPhase;
			buildActionMask = 2147483647;
			files = (
			);
			inputPaths = (
			);
			name = "Copy Pods Resources";
			outputPaths = (
			);
			runOnlyForDeploymentPostprocessing = 0;
			shellPath = /bin/sh;
			shellScript = "\"${SRCROOT}/Pods/Target Support Files/Pods/Pods-resources.sh\"\n";
			showEnvVarsInLog = 0;
		};
		AB56CC8B9336C45A386FEF97 /* Check Pods Manifest.lock */ = {
			isa = PBXShellScriptBuildPhase;
			buildActionMask = 2147483647;
			files = (
			);
			inputPaths = (
			);
			name = "Check Pods Manifest.lock";
			outputPaths = (
			);
			runOnlyForDeploymentPostprocessing = 0;
			shellPath = /bin/sh;
			shellScript = "diff \"${PODS_ROOT}/../Podfile.lock\" \"${PODS_ROOT}/Manifest.lock\" > /dev/null\nif [[ $? != 0 ]] ; then\n    cat << EOM\nerror: The sandbox is not in sync with the Podfile.lock. Run 'pod install' or update your CocoaPods installation.\nEOM\n    exit 1\nfi\n";
			showEnvVarsInLog = 0;
		};
/* End PBXShellScriptBuildPhase section */

/* Begin PBXSourcesBuildPhase section */
		64E1A2DD1C64E81B003B47D9 /* Sources */ = {
			isa = PBXSourcesBuildPhase;
			buildActionMask = 2147483647;
			files = (
				64E4D0611C752DDA000220F4 /* CustomActivityIndicatorView.swift in Sources */,
				64ED07701C7CF02E00F50A6B /* DetailMovieViewController.swift in Sources */,
				641D93561C68DDDB00FB727B /* DatabaseManager.swift in Sources */,
				64E1A2E71C64E81B003B47D9 /* SearchMovieViewController.swift in Sources */,
				64ED07741C7CF69400F50A6B /* DetailMovieCell.swift in Sources */,
				641D932E1C68AB8C00FB727B /* SearchViewCell.swift in Sources */,
				644414DB1C6CBC10006E8D36 /* BookmarkMovie.swift in Sources */,
				64E1A2E51C64E81B003B47D9 /* AppDelegate.swift in Sources */,
				64E08F5E1C69F7DB008ED2DA /* FoundMovie.swift in Sources */,
				6401199F1C722E8800AF159F /* MovieFactory.swift in Sources */,
				640B09FB1C66572000B0421A /* BookmarksViewController.swift in Sources */,
				64E304F21C83059C0018D434 /* NotFoundViewCell.swift in Sources */,
			);
			runOnlyForDeploymentPostprocessing = 0;
		};
/* End PBXSourcesBuildPhase section */

/* Begin PBXVariantGroup section */
		64E1A2E81C64E81B003B47D9 /* Main.storyboard */ = {
			isa = PBXVariantGroup;
			children = (
				64E1A2E91C64E81B003B47D9 /* Base */,
			);
			name = Main.storyboard;
			sourceTree = "<group>";
		};
		64E1A2ED1C64E81B003B47D9 /* LaunchScreen.storyboard */ = {
			isa = PBXVariantGroup;
			children = (
				64E1A2EE1C64E81B003B47D9 /* Base */,
			);
			name = LaunchScreen.storyboard;
			sourceTree = "<group>";
		};
/* End PBXVariantGroup section */

/* Begin XCBuildConfiguration section */
		64E1A2F11C64E81B003B47D9 /* Debug */ = {
			isa = XCBuildConfiguration;
			buildSettings = {
				ALWAYS_SEARCH_USER_PATHS = NO;
				CLANG_CXX_LANGUAGE_STANDARD = "gnu++0x";
				CLANG_CXX_LIBRARY = "libc++";
				CLANG_ENABLE_MODULES = YES;
				CLANG_ENABLE_OBJC_ARC = YES;
				CLANG_WARN_BOOL_CONVERSION = YES;
				CLANG_WARN_CONSTANT_CONVERSION = YES;
				CLANG_WARN_DIRECT_OBJC_ISA_USAGE = YES_ERROR;
				CLANG_WARN_EMPTY_BODY = YES;
				CLANG_WARN_ENUM_CONVERSION = YES;
				CLANG_WARN_INT_CONVERSION = YES;
				CLANG_WARN_OBJC_ROOT_CLASS = YES_ERROR;
				CLANG_WARN_UNREACHABLE_CODE = YES;
				CLANG_WARN__DUPLICATE_METHOD_MATCH = YES;
				"CODE_SIGN_IDENTITY[sdk=iphoneos*]" = "iPhone Developer";
				COPY_PHASE_STRIP = NO;
				DEBUG_INFORMATION_FORMAT = dwarf;
				ENABLE_STRICT_OBJC_MSGSEND = YES;
				ENABLE_TESTABILITY = YES;
				GCC_C_LANGUAGE_STANDARD = gnu99;
				GCC_DYNAMIC_NO_PIC = NO;
				GCC_NO_COMMON_BLOCKS = YES;
				GCC_OPTIMIZATION_LEVEL = 0;
				GCC_PREPROCESSOR_DEFINITIONS = (
					"DEBUG=1",
					"$(inherited)",
				);
				GCC_WARN_64_TO_32_BIT_CONVERSION = YES;
				GCC_WARN_ABOUT_RETURN_TYPE = YES_ERROR;
				GCC_WARN_UNDECLARED_SELECTOR = YES;
				GCC_WARN_UNINITIALIZED_AUTOS = YES_AGGRESSIVE;
				GCC_WARN_UNUSED_FUNCTION = YES;
				GCC_WARN_UNUSED_VARIABLE = YES;
				IPHONEOS_DEPLOYMENT_TARGET = 8.0;
				MTL_ENABLE_DEBUG_INFO = YES;
				ONLY_ACTIVE_ARCH = YES;
				SDKROOT = iphoneos;
				SWIFT_OPTIMIZATION_LEVEL = "-Onone";
				TARGETED_DEVICE_FAMILY = "1,2";
			};
			name = Debug;
		};
		64E1A2F21C64E81B003B47D9 /* Release */ = {
			isa = XCBuildConfiguration;
			buildSettings = {
				ALWAYS_SEARCH_USER_PATHS = NO;
				CLANG_CXX_LANGUAGE_STANDARD = "gnu++0x";
				CLANG_CXX_LIBRARY = "libc++";
				CLANG_ENABLE_MODULES = YES;
				CLANG_ENABLE_OBJC_ARC = YES;
				CLANG_WARN_BOOL_CONVERSION = YES;
				CLANG_WARN_CONSTANT_CONVERSION = YES;
				CLANG_WARN_DIRECT_OBJC_ISA_USAGE = YES_ERROR;
				CLANG_WARN_EMPTY_BODY = YES;
				CLANG_WARN_ENUM_CONVERSION = YES;
				CLANG_WARN_INT_CONVERSION = YES;
				CLANG_WARN_OBJC_ROOT_CLASS = YES_ERROR;
				CLANG_WARN_UNREACHABLE_CODE = YES;
				CLANG_WARN__DUPLICATE_METHOD_MATCH = YES;
				"CODE_SIGN_IDENTITY[sdk=iphoneos*]" = "iPhone Developer";
				COPY_PHASE_STRIP = NO;
				DEBUG_INFORMATION_FORMAT = "dwarf-with-dsym";
				ENABLE_NS_ASSERTIONS = NO;
				ENABLE_STRICT_OBJC_MSGSEND = YES;
				GCC_C_LANGUAGE_STANDARD = gnu99;
				GCC_NO_COMMON_BLOCKS = YES;
				GCC_WARN_64_TO_32_BIT_CONVERSION = YES;
				GCC_WARN_ABOUT_RETURN_TYPE = YES_ERROR;
				GCC_WARN_UNDECLARED_SELECTOR = YES;
				GCC_WARN_UNINITIALIZED_AUTOS = YES_AGGRESSIVE;
				GCC_WARN_UNUSED_FUNCTION = YES;
				GCC_WARN_UNUSED_VARIABLE = YES;
				IPHONEOS_DEPLOYMENT_TARGET = 8.0;
				MTL_ENABLE_DEBUG_INFO = NO;
				SDKROOT = iphoneos;
				TARGETED_DEVICE_FAMILY = "1,2";
				VALIDATE_PRODUCT = YES;
			};
			name = Release;
		};
		64E1A2F41C64E81B003B47D9 /* Debug */ = {
			isa = XCBuildConfiguration;
			baseConfigurationReference = C1323F2CCAC4E5C8BA2C70DB /* Pods.debug.xcconfig */;
			buildSettings = {
				ASSETCATALOG_COMPILER_APPICON_NAME = AppIcon;
				CLANG_ENABLE_MODULES = YES;
				INFOPLIST_FILE = MoviesClient/Info.plist;
				IPHONEOS_DEPLOYMENT_TARGET = 8.0;
				LD_RUNPATH_SEARCH_PATHS = "$(inherited) @executable_path/Frameworks";
				PRODUCT_BUNDLE_IDENTIFIER = com.DreamWorks.MoviesClient;
				PRODUCT_NAME = "$(TARGET_NAME)";
				SWIFT_INCLUDE_PATHS = "";
				SWIFT_OBJC_BRIDGING_HEADER = "MoviesClient/MoviesClient-Bridging-Header.h";
				SWIFT_OPTIMIZATION_LEVEL = "-Onone";
				USER_HEADER_SEARCH_PATHS = Pods;
			};
			name = Debug;
		};
		64E1A2F51C64E81B003B47D9 /* Release */ = {
			isa = XCBuildConfiguration;
			baseConfigurationReference = 41B9621E849D93863BC4C4CB /* Pods.release.xcconfig */;
			buildSettings = {
				ASSETCATALOG_COMPILER_APPICON_NAME = AppIcon;
				CLANG_ENABLE_MODULES = YES;
				INFOPLIST_FILE = MoviesClient/Info.plist;
				IPHONEOS_DEPLOYMENT_TARGET = 8.0;
				LD_RUNPATH_SEARCH_PATHS = "$(inherited) @executable_path/Frameworks";
				PRODUCT_BUNDLE_IDENTIFIER = com.DreamWorks.MoviesClient;
				PRODUCT_NAME = "$(TARGET_NAME)";
				SWIFT_INCLUDE_PATHS = "";
				SWIFT_OBJC_BRIDGING_HEADER = "MoviesClient/MoviesClient-Bridging-Header.h";
				USER_HEADER_SEARCH_PATHS = Pods;
			};
			name = Release;
		};
/* End XCBuildConfiguration section */

/* Begin XCConfigurationList section */
		64E1A2DC1C64E81B003B47D9 /* Build configuration list for PBXProject "MoviesClient" */ = {
			isa = XCConfigurationList;
			buildConfigurations = (
				64E1A2F11C64E81B003B47D9 /* Debug */,
				64E1A2F21C64E81B003B47D9 /* Release */,
			);
			defaultConfigurationIsVisible = 0;
			defaultConfigurationName = Release;
		};
		64E1A2F31C64E81B003B47D9 /* Build configuration list for PBXNativeTarget "MoviesClient" */ = {
			isa = XCConfigurationList;
			buildConfigurations = (
				64E1A2F41C64E81B003B47D9 /* Debug */,
				64E1A2F51C64E81B003B47D9 /* Release */,
			);
			defaultConfigurationIsVisible = 0;
			defaultConfigurationName = Release;
		};
/* End XCConfigurationList section */
	};
	rootObject = 64E1A2D91C64E81B003B47D9 /* Project object */;
}
